
Microsoft Visual Studio Solution File, Format Version 12.00
Project("{FAE04EC0-301F-11D3-BF4B-00C04F79EFBC}") = "Day01", "Day01\Day01.csproj", "{09E1C639-6E6C-45D6-AB7C-D3AE70EB4455}"
EndProject
Project("{FAE04EC0-301F-11D3-BF4B-00C04F79EFBC}") = "Day02", "Day02\Day02.csproj", "{C1E9983A-F0A5-4A5C-8BC7-79B04EAE8C1A}"
EndProject
Project("{FAE04EC0-301F-11D3-BF4B-00C04F79EFBC}") = "Day03", "Day03\Day03.csproj", "{D26D5D27-0669-4F08-98FB-915E9FA88818}"
EndProject
Project("{FAE04EC0-301F-11D3-BF4B-00C04F79EFBC}") = "Day04", "Day04\Day04.csproj", "{B212E9F6-5B56-44BE-9042-6089912B7F6C}"
EndProject
Project("{FAE04EC0-301F-11D3-BF4B-00C04F79EFBC}") = "Day05", "Day05\Day05.csproj", "{8E9E8DE6-EF0D-4638-B3D3-898CCC2D2B2B}"
EndProject
Project("{FAE04EC0-301F-11D3-BF4B-00C04F79EFBC}") = "Day06", "Day06\Day06.csproj", "{77AF9EBE-E75C-4C0A-949C-D43A9D524FC3}"
EndProject
Project("{FAE04EC0-301F-11D3-BF4B-00C04F79EFBC}") = "Day07", "Day07\Day07.csproj", "{367658C8-5620-456A-B649-72FDD28B720C}"
EndProject
Project("{FAE04EC0-301F-11D3-BF4B-00C04F79EFBC}") = "Day08", "Day08\Day08.csproj", "{5BDB54C0-B178-49E2-B61F-51CE6369735B}"
EndProject
Project("{FAE04EC0-301F-11D3-BF4B-00C04F79EFBC}") = "Day09", "Day09\Day09.csproj", "{7654481C-415F-436F-829A-084B313A2997}"
EndProject
Project("{FAE04EC0-301F-11D3-BF4B-00C04F79EFBC}") = "Day10", "Day10\Day10.csproj", "{B74B2FDF-DF7B-42BD-A8A8-D4DDD33A0A55}"
EndProject
Project("{FAE04EC0-301F-11D3-BF4B-00C04F79EFBC}") = "Day11", "Day11\Day11.csproj", "{BEACC746-6076-4B08-8061-65991D668B36}"
EndProject
Project("{FAE04EC0-301F-11D3-BF4B-00C04F79EFBC}") = "Day12", "Day12\Day12.csproj", "{D188B6CC-D7F9-490B-8BA0-D7AF0E77A8A2}"
EndProject
Project("{FAE04EC0-301F-11D3-BF4B-00C04F79EFBC}") = "Day13", "Day13\Day13.csproj", "{5B8F70DA-DCDF-4775-B603-849F153A3E11}"
EndProject
Project("{FAE04EC0-301F-11D3-BF4B-00C04F79EFBC}") = "Day14", "Day14\Day14.csproj", "{5647CFD8-2A82-44B3-BC66-1CE819DC8764}"
EndProject
Project("{FAE04EC0-301F-11D3-BF4B-00C04F79EFBC}") = "Day15", "Day15\Day15.csproj", "{C7EB0B8E-6E92-4A74-BF6D-B94D3CE08B07}"
EndProject
Project("{FAE04EC0-301F-11D3-BF4B-00C04F79EFBC}") = "Day16", "Day16\Day16.csproj", "{038134A2-C4A7-48B7-A477-E3F40572F99B}"
EndProject
Project("{FAE04EC0-301F-11D3-BF4B-00C04F79EFBC}") = "Day17", "Day17\Day17.csproj", "{FCFC411C-2747-41F7-8EB2-BB1B9DA17561}"
EndProject
Project("{FAE04EC0-301F-11D3-BF4B-00C04F79EFBC}") = "Day18", "Day18\Day18.csproj", "{5EC9958A-FA5C-4D0F-AA34-C162DD2F3854}"
EndProject
Project("{FAE04EC0-301F-11D3-BF4B-00C04F79EFBC}") = "Day19", "Day19\Day19.csproj", "{B08E2674-2C80-49FD-8B16-AE7AECFC0696}"
EndProject
Project("{FAE04EC0-301F-11D3-BF4B-00C04F79EFBC}") = "Day20", "Day20\Day20.csproj", "{8DDD32CD-4675-45BF-A624-A88EAFE4A5D7}"
EndProject
Project("{FAE04EC0-301F-11D3-BF4B-00C04F79EFBC}") = "Day21", "Day21\Day21.csproj", "{E9D25E62-170A-4D4D-96B5-62C4142AEB01}"
EndProject
Project("{FAE04EC0-301F-11D3-BF4B-00C04F79EFBC}") = "Day22", "Day22\Day22.csproj", "{32F85E28-A9C0-48F0-8F5F-25E9D9532C26}"
EndProject
Project("{FAE04EC0-301F-11D3-BF4B-00C04F79EFBC}") = "Day23", "Day23\Day23.csproj", "{70C18756-1ECE-4E49-84EC-2B0CF4507E89}"
EndProject
Global
	GlobalSection(SolutionConfigurationPlatforms) = preSolution
		Debug|Any CPU = Debug|Any CPU
		Release|Any CPU = Release|Any CPU
	EndGlobalSection
	GlobalSection(ProjectConfigurationPlatforms) = postSolution
		{09E1C639-6E6C-45D6-AB7C-D3AE70EB4455}.Debug|Any CPU.ActiveCfg = Debug|Any CPU
		{09E1C639-6E6C-45D6-AB7C-D3AE70EB4455}.Debug|Any CPU.Build.0 = Debug|Any CPU
		{09E1C639-6E6C-45D6-AB7C-D3AE70EB4455}.Release|Any CPU.ActiveCfg = Release|Any CPU
		{09E1C639-6E6C-45D6-AB7C-D3AE70EB4455}.Release|Any CPU.Build.0 = Release|Any CPU
		{C1E9983A-F0A5-4A5C-8BC7-79B04EAE8C1A}.Debug|Any CPU.ActiveCfg = Debug|Any CPU
		{C1E9983A-F0A5-4A5C-8BC7-79B04EAE8C1A}.Debug|Any CPU.Build.0 = Debug|Any CPU
		{C1E9983A-F0A5-4A5C-8BC7-79B04EAE8C1A}.Release|Any CPU.ActiveCfg = Release|Any CPU
		{C1E9983A-F0A5-4A5C-8BC7-79B04EAE8C1A}.Release|Any CPU.Build.0 = Release|Any CPU
		{D26D5D27-0669-4F08-98FB-915E9FA88818}.Debug|Any CPU.ActiveCfg = Debug|Any CPU
		{D26D5D27-0669-4F08-98FB-915E9FA88818}.Debug|Any CPU.Build.0 = Debug|Any CPU
		{D26D5D27-0669-4F08-98FB-915E9FA88818}.Release|Any CPU.ActiveCfg = Release|Any CPU
		{D26D5D27-0669-4F08-98FB-915E9FA88818}.Release|Any CPU.Build.0 = Release|Any CPU
		{B212E9F6-5B56-44BE-9042-6089912B7F6C}.Debug|Any CPU.ActiveCfg = Debug|Any CPU
		{B212E9F6-5B56-44BE-9042-6089912B7F6C}.Debug|Any CPU.Build.0 = Debug|Any CPU
		{B212E9F6-5B56-44BE-9042-6089912B7F6C}.Release|Any CPU.ActiveCfg = Release|Any CPU
		{B212E9F6-5B56-44BE-9042-6089912B7F6C}.Release|Any CPU.Build.0 = Release|Any CPU
		{8E9E8DE6-EF0D-4638-B3D3-898CCC2D2B2B}.Debug|Any CPU.ActiveCfg = Debug|Any CPU
		{8E9E8DE6-EF0D-4638-B3D3-898CCC2D2B2B}.Debug|Any CPU.Build.0 = Debug|Any CPU
		{8E9E8DE6-EF0D-4638-B3D3-898CCC2D2B2B}.Release|Any CPU.ActiveCfg = Release|Any CPU
		{8E9E8DE6-EF0D-4638-B3D3-898CCC2D2B2B}.Release|Any CPU.Build.0 = Release|Any CPU
		{77AF9EBE-E75C-4C0A-949C-D43A9D524FC3}.Debug|Any CPU.ActiveCfg = Debug|Any CPU
		{77AF9EBE-E75C-4C0A-949C-D43A9D524FC3}.Debug|Any CPU.Build.0 = Debug|Any CPU
		{77AF9EBE-E75C-4C0A-949C-D43A9D524FC3}.Release|Any CPU.ActiveCfg = Release|Any CPU
		{77AF9EBE-E75C-4C0A-949C-D43A9D524FC3}.Release|Any CPU.Build.0 = Release|Any CPU
		{367658C8-5620-456A-B649-72FDD28B720C}.Debug|Any CPU.ActiveCfg = Debug|Any CPU
		{367658C8-5620-456A-B649-72FDD28B720C}.Debug|Any CPU.Build.0 = Debug|Any CPU
		{367658C8-5620-456A-B649-72FDD28B720C}.Release|Any CPU.ActiveCfg = Release|Any CPU
		{367658C8-5620-456A-B649-72FDD28B720C}.Release|Any CPU.Build.0 = Release|Any CPU
		{5BDB54C0-B178-49E2-B61F-51CE6369735B}.Debug|Any CPU.ActiveCfg = Debug|Any CPU
		{5BDB54C0-B178-49E2-B61F-51CE6369735B}.Debug|Any CPU.Build.0 = Debug|Any CPU
		{5BDB54C0-B178-49E2-B61F-51CE6369735B}.Release|Any CPU.ActiveCfg = Release|Any CPU
		{5BDB54C0-B178-49E2-B61F-51CE6369735B}.Release|Any CPU.Build.0 = Release|Any CPU
		{7654481C-415F-436F-829A-084B313A2997}.Debug|Any CPU.ActiveCfg = Debug|Any CPU
		{7654481C-415F-436F-829A-084B313A2997}.Debug|Any CPU.Build.0 = Debug|Any CPU
		{7654481C-415F-436F-829A-084B313A2997}.Release|Any CPU.ActiveCfg = Release|Any CPU
		{7654481C-415F-436F-829A-084B313A2997}.Release|Any CPU.Build.0 = Release|Any CPU
		{B74B2FDF-DF7B-42BD-A8A8-D4DDD33A0A55}.Debug|Any CPU.ActiveCfg = Debug|Any CPU
		{B74B2FDF-DF7B-42BD-A8A8-D4DDD33A0A55}.Debug|Any CPU.Build.0 = Debug|Any CPU
		{B74B2FDF-DF7B-42BD-A8A8-D4DDD33A0A55}.Release|Any CPU.ActiveCfg = Release|Any CPU
		{B74B2FDF-DF7B-42BD-A8A8-D4DDD33A0A55}.Release|Any CPU.Build.0 = Release|Any CPU
		{BEACC746-6076-4B08-8061-65991D668B36}.Debug|Any CPU.ActiveCfg = Debug|Any CPU
		{BEACC746-6076-4B08-8061-65991D668B36}.Debug|Any CPU.Build.0 = Debug|Any CPU
		{BEACC746-6076-4B08-8061-65991D668B36}.Release|Any CPU.ActiveCfg = Release|Any CPU
		{BEACC746-6076-4B08-8061-65991D668B36}.Release|Any CPU.Build.0 = Release|Any CPU
		{D188B6CC-D7F9-490B-8BA0-D7AF0E77A8A2}.Debug|Any CPU.ActiveCfg = Debug|Any CPU
		{D188B6CC-D7F9-490B-8BA0-D7AF0E77A8A2}.Debug|Any CPU.Build.0 = Debug|Any CPU
		{D188B6CC-D7F9-490B-8BA0-D7AF0E77A8A2}.Release|Any CPU.ActiveCfg = Release|Any CPU
		{D188B6CC-D7F9-490B-8BA0-D7AF0E77A8A2}.Release|Any CPU.Build.0 = Release|Any CPU
		{5B8F70DA-DCDF-4775-B603-849F153A3E11}.Debug|Any CPU.ActiveCfg = Debug|Any CPU
		{5B8F70DA-DCDF-4775-B603-849F153A3E11}.Debug|Any CPU.Build.0 = Debug|Any CPU
		{5B8F70DA-DCDF-4775-B603-849F153A3E11}.Release|Any CPU.ActiveCfg = Release|Any CPU
		{5B8F70DA-DCDF-4775-B603-849F153A3E11}.Release|Any CPU.Build.0 = Release|Any CPU
		{5647CFD8-2A82-44B3-BC66-1CE819DC8764}.Debug|Any CPU.ActiveCfg = Debug|Any CPU
		{5647CFD8-2A82-44B3-BC66-1CE819DC8764}.Debug|Any CPU.Build.0 = Debug|Any CPU
		{5647CFD8-2A82-44B3-BC66-1CE819DC8764}.Release|Any CPU.ActiveCfg = Release|Any CPU
		{5647CFD8-2A82-44B3-BC66-1CE819DC8764}.Release|Any CPU.Build.0 = Release|Any CPU
		{C7EB0B8E-6E92-4A74-BF6D-B94D3CE08B07}.Debug|Any CPU.ActiveCfg = Debug|Any CPU
		{C7EB0B8E-6E92-4A74-BF6D-B94D3CE08B07}.Debug|Any CPU.Build.0 = Debug|Any CPU
		{C7EB0B8E-6E92-4A74-BF6D-B94D3CE08B07}.Release|Any CPU.ActiveCfg = Release|Any CPU
		{C7EB0B8E-6E92-4A74-BF6D-B94D3CE08B07}.Release|Any CPU.Build.0 = Release|Any CPU
		{038134A2-C4A7-48B7-A477-E3F40572F99B}.Debug|Any CPU.ActiveCfg = Debug|Any CPU
		{038134A2-C4A7-48B7-A477-E3F40572F99B}.Debug|Any CPU.Build.0 = Debug|Any CPU
		{038134A2-C4A7-48B7-A477-E3F40572F99B}.Release|Any CPU.ActiveCfg = Release|Any CPU
		{038134A2-C4A7-48B7-A477-E3F40572F99B}.Release|Any CPU.Build.0 = Release|Any CPU
		{FCFC411C-2747-41F7-8EB2-BB1B9DA17561}.Debug|Any CPU.ActiveCfg = Debug|Any CPU
		{FCFC411C-2747-41F7-8EB2-BB1B9DA17561}.Debug|Any CPU.Build.0 = Debug|Any CPU
		{FCFC411C-2747-41F7-8EB2-BB1B9DA17561}.Release|Any CPU.ActiveCfg = Release|Any CPU
		{FCFC411C-2747-41F7-8EB2-BB1B9DA17561}.Release|Any CPU.Build.0 = Release|Any CPU
		{5EC9958A-FA5C-4D0F-AA34-C162DD2F3854}.Debug|Any CPU.ActiveCfg = Debug|Any CPU
		{5EC9958A-FA5C-4D0F-AA34-C162DD2F3854}.Debug|Any CPU.Build.0 = Debug|Any CPU
		{5EC9958A-FA5C-4D0F-AA34-C162DD2F3854}.Release|Any CPU.ActiveCfg = Release|Any CPU
		{5EC9958A-FA5C-4D0F-AA34-C162DD2F3854}.Release|Any CPU.Build.0 = Release|Any CPU
		{B08E2674-2C80-49FD-8B16-AE7AECFC0696}.Debug|Any CPU.ActiveCfg = Debug|Any CPU
		{B08E2674-2C80-49FD-8B16-AE7AECFC0696}.Debug|Any CPU.Build.0 = Debug|Any CPU
		{B08E2674-2C80-49FD-8B16-AE7AECFC0696}.Release|Any CPU.ActiveCfg = Release|Any CPU
		{B08E2674-2C80-49FD-8B16-AE7AECFC0696}.Release|Any CPU.Build.0 = Release|Any CPU
		{8DDD32CD-4675-45BF-A624-A88EAFE4A5D7}.Debug|Any CPU.ActiveCfg = Debug|Any CPU
		{8DDD32CD-4675-45BF-A624-A88EAFE4A5D7}.Debug|Any CPU.Build.0 = Debug|Any CPU
		{8DDD32CD-4675-45BF-A624-A88EAFE4A5D7}.Release|Any CPU.ActiveCfg = Release|Any CPU
		{8DDD32CD-4675-45BF-A624-A88EAFE4A5D7}.Release|Any CPU.Build.0 = Release|Any CPU
		{E9D25E62-170A-4D4D-96B5-62C4142AEB01}.Debug|Any CPU.ActiveCfg = Debug|Any CPU
		{E9D25E62-170A-4D4D-96B5-62C4142AEB01}.Debug|Any CPU.Build.0 = Debug|Any CPU
		{E9D25E62-170A-4D4D-96B5-62C4142AEB01}.Release|Any CPU.ActiveCfg = Release|Any CPU
		{E9D25E62-170A-4D4D-96B5-62C4142AEB01}.Release|Any CPU.Build.0 = Release|Any CPU
		{32F85E28-A9C0-48F0-8F5F-25E9D9532C26}.Debug|Any CPU.ActiveCfg = Debug|Any CPU
		{32F85E28-A9C0-48F0-8F5F-25E9D9532C26}.Debug|Any CPU.Build.0 = Debug|Any CPU
		{32F85E28-A9C0-48F0-8F5F-25E9D9532C26}.Release|Any CPU.ActiveCfg = Release|Any CPU
		{32F85E28-A9C0-48F0-8F5F-25E9D9532C26}.Release|Any CPU.Build.0 = Release|Any CPU
		{70C18756-1ECE-4E49-84EC-2B0CF4507E89}.Debug|Any CPU.ActiveCfg = Debug|Any CPU
		{70C18756-1ECE-4E49-84EC-2B0CF4507E89}.Debug|Any CPU.Build.0 = Debug|Any CPU
		{70C18756-1ECE-4E49-84EC-2B0CF4507E89}.Release|Any CPU.ActiveCfg = Release|Any CPU
		{70C18756-1ECE-4E49-84EC-2B0CF4507E89}.Release|Any CPU.Build.0 = Release|Any CPU
	EndGlobalSection
EndGlobal
