
Microsoft Visual Studio Solution File, Format Version 12.00
Project("{FAE04EC0-301F-11D3-BF4B-00C04F79EFBC}") = "Day1", "Day1\Day1.csproj", "{09E1C639-6E6C-45D6-AB7C-D3AE70EB4455}"
EndProject
Project("{FAE04EC0-301F-11D3-BF4B-00C04F79EFBC}") = "Day2", "Day2\Day2.csproj", "{C1E9983A-F0A5-4A5C-8BC7-79B04EAE8C1A}"
EndProject
Global
	GlobalSection(SolutionConfigurationPlatforms) = preSolution
		Debug|Any CPU = Debug|Any CPU
		Release|Any CPU = Release|Any CPU
	EndGlobalSection
	GlobalSection(ProjectConfigurationPlatforms) = postSolution
		{09E1C639-6E6C-45D6-AB7C-D3AE70EB4455}.Debug|Any CPU.ActiveCfg = Debug|Any CPU
		{09E1C639-6E6C-45D6-AB7C-D3AE70EB4455}.Debug|Any CPU.Build.0 = Debug|Any CPU
		{09E1C639-6E6C-45D6-AB7C-D3AE70EB4455}.Release|Any CPU.ActiveCfg = Release|Any CPU
		{09E1C639-6E6C-45D6-AB7C-D3AE70EB4455}.Release|Any CPU.Build.0 = Release|Any CPU
		{C1E9983A-F0A5-4A5C-8BC7-79B04EAE8C1A}.Debug|Any CPU.ActiveCfg = Debug|Any CPU
		{C1E9983A-F0A5-4A5C-8BC7-79B04EAE8C1A}.Debug|Any CPU.Build.0 = Debug|Any CPU
		{C1E9983A-F0A5-4A5C-8BC7-79B04EAE8C1A}.Release|Any CPU.ActiveCfg = Release|Any CPU
		{C1E9983A-F0A5-4A5C-8BC7-79B04EAE8C1A}.Release|Any CPU.Build.0 = Release|Any CPU
	EndGlobalSection
EndGlobal
